
Microsoft Visual Studio Solution File, Format Version 12.00
# Visual Studio 2013
VisualStudioVersion = 12.0.31101.0
MinimumVisualStudioVersion = 10.0.40219.1
Project("{8BC9CEB8-8B4A-11D0-8D11-00A0C91BC942}") = "EMconsole", "EMconsole\EMconsole.vcxproj", "{3B81E098-78E9-475A-B0EA-6A44AD03820E}"
	ProjectSection(ProjectDependencies) = postProject
		{2C2E6743-9098-41F7-9257-85C89CB7ABB1} = {2C2E6743-9098-41F7-9257-85C89CB7ABB1}
		{5150CD53-4707-4957-8164-B33A747DA56F} = {5150CD53-4707-4957-8164-B33A747DA56F}
		{F713E96D-2202-422F-BE07-9B990E4360CB} = {F713E96D-2202-422F-BE07-9B990E4360CB}
		{3FFE3875-4029-497C-B092-AB14942E18A4} = {3FFE3875-4029-497C-B092-AB14942E18A4}
		{99153180-7D59-45A0-AC25-CCAD92F8F234} = {99153180-7D59-45A0-AC25-CCAD92F8F234}
		{FF53329A-6CF6-4962-BE28-40D547379F64} = {FF53329A-6CF6-4962-BE28-40D547379F64}
		{8E997F9D-DEA4-4E94-BF83-D013D58A5D41} = {8E997F9D-DEA4-4E94-BF83-D013D58A5D41}
		{18977EA1-584F-44AD-BCDF-D04B0792715C} = {18977EA1-584F-44AD-BCDF-D04B0792715C}
		{136559A7-AAF2-4621-B977-CD4ECFDE99F8} = {136559A7-AAF2-4621-B977-CD4ECFDE99F8}
		{BDAC3EC0-A1D3-4F48-A9CA-2D3BFB42774C} = {BDAC3EC0-A1D3-4F48-A9CA-2D3BFB42774C}
		{863B8BCC-9D20-45A8-82C7-04919C459C45} = {863B8BCC-9D20-45A8-82C7-04919C459C45}
		{456F07CE-CFC6-498B-88EE-115771C465D4} = {456F07CE-CFC6-498B-88EE-115771C465D4}
		{6F3E58D4-4B5E-4515-86B0-3F9A44E0C0BF} = {6F3E58D4-4B5E-4515-86B0-3F9A44E0C0BF}
		{27081ADA-0665-4C29-BFBE-1D2321BE5B91} = {27081ADA-0665-4C29-BFBE-1D2321BE5B91}
		{5EFC48DD-0C87-4494-A729-E965769B868F} = {5EFC48DD-0C87-4494-A729-E965769B868F}
		{945B73FE-D8D4-42DF-92DA-528A984EE258} = {945B73FE-D8D4-42DF-92DA-528A984EE258}
	EndProjectSection
EndProject
Project("{8BC9CEB8-8B4A-11D0-8D11-00A0C91BC942}") = "OutputUtil", "OutputUtil\OutputUtil.vcxproj", "{BDAC3EC0-A1D3-4F48-A9CA-2D3BFB42774C}"
EndProject
Project("{8BC9CEB8-8B4A-11D0-8D11-00A0C91BC942}") = "FileUtil", "FileUtil\FileUtil.vcxproj", "{99153180-7D59-45A0-AC25-CCAD92F8F234}"
EndProject
Project("{8BC9CEB8-8B4A-11D0-8D11-00A0C91BC942}") = "MemoryMan", "MemoryMan\MemoryMan.vcxproj", "{18977EA1-584F-44AD-BCDF-D04B0792715C}"
	ProjectSection(ProjectDependencies) = postProject
		{99153180-7D59-45A0-AC25-CCAD92F8F234} = {99153180-7D59-45A0-AC25-CCAD92F8F234}
		{5EFC48DD-0C87-4494-A729-E965769B868F} = {5EFC48DD-0C87-4494-A729-E965769B868F}
	EndProjectSection
EndProject
Project("{8BC9CEB8-8B4A-11D0-8D11-00A0C91BC942}") = "ProcessMonitor", "ProcessMonitor\ProcessMonitor.vcxproj", "{5EFC48DD-0C87-4494-A729-E965769B868F}"
EndProject
Project("{8BC9CEB8-8B4A-11D0-8D11-00A0C91BC942}") = "MathTools", "MathTools\MathTools.vcxproj", "{456F07CE-CFC6-498B-88EE-115771C465D4}"
EndProject
Project("{8BC9CEB8-8B4A-11D0-8D11-00A0C91BC942}") = "EMField", "EMField\EMField.vcxproj", "{2C2E6743-9098-41F7-9257-85C89CB7ABB1}"
	ProjectSection(ProjectDependencies) = postProject
		{99153180-7D59-45A0-AC25-CCAD92F8F234} = {99153180-7D59-45A0-AC25-CCAD92F8F234}
		{18977EA1-584F-44AD-BCDF-D04B0792715C} = {18977EA1-584F-44AD-BCDF-D04B0792715C}
		{BDAC3EC0-A1D3-4F48-A9CA-2D3BFB42774C} = {BDAC3EC0-A1D3-4F48-A9CA-2D3BFB42774C}
		{456F07CE-CFC6-498B-88EE-115771C465D4} = {456F07CE-CFC6-498B-88EE-115771C465D4}
		{5EFC48DD-0C87-4494-A729-E965769B868F} = {5EFC48DD-0C87-4494-A729-E965769B868F}
	EndProjectSection
EndProject
Project("{8BC9CEB8-8B4A-11D0-8D11-00A0C91BC942}") = "TssInSphere", "TssInSphere\TssInSphere.vcxproj", "{F713E96D-2202-422F-BE07-9B990E4360CB}"
	ProjectSection(ProjectDependencies) = postProject
		{2C2E6743-9098-41F7-9257-85C89CB7ABB1} = {2C2E6743-9098-41F7-9257-85C89CB7ABB1}
		{99153180-7D59-45A0-AC25-CCAD92F8F234} = {99153180-7D59-45A0-AC25-CCAD92F8F234}
		{18977EA1-584F-44AD-BCDF-D04B0792715C} = {18977EA1-584F-44AD-BCDF-D04B0792715C}
		{BDAC3EC0-A1D3-4F48-A9CA-2D3BFB42774C} = {BDAC3EC0-A1D3-4F48-A9CA-2D3BFB42774C}
		{456F07CE-CFC6-498B-88EE-115771C465D4} = {456F07CE-CFC6-498B-88EE-115771C465D4}
		{5EFC48DD-0C87-4494-A729-E965769B868F} = {5EFC48DD-0C87-4494-A729-E965769B868F}
	EndProjectSection
EndProject
Project("{8BC9CEB8-8B4A-11D0-8D11-00A0C91BC942}") = "FieldDataComparer", "FieldDataComparer\FieldDataComparer.vcxproj", "{863B8BCC-9D20-45A8-82C7-04919C459C45}"
	ProjectSection(ProjectDependencies) = postProject
		{2C2E6743-9098-41F7-9257-85C89CB7ABB1} = {2C2E6743-9098-41F7-9257-85C89CB7ABB1}
		{F713E96D-2202-422F-BE07-9B990E4360CB} = {F713E96D-2202-422F-BE07-9B990E4360CB}
	EndProjectSection
EndProject
Project("{8BC9CEB8-8B4A-11D0-8D11-00A0C91BC942}") = "Tss", "Tss\Tss.vcxproj", "{945B73FE-D8D4-42DF-92DA-528A984EE258}"
	ProjectSection(ProjectDependencies) = postProject
		{2C2E6743-9098-41F7-9257-85C89CB7ABB1} = {2C2E6743-9098-41F7-9257-85C89CB7ABB1}
		{5150CD53-4707-4957-8164-B33A747DA56F} = {5150CD53-4707-4957-8164-B33A747DA56F}
		{99153180-7D59-45A0-AC25-CCAD92F8F234} = {99153180-7D59-45A0-AC25-CCAD92F8F234}
		{18977EA1-584F-44AD-BCDF-D04B0792715C} = {18977EA1-584F-44AD-BCDF-D04B0792715C}
		{456F07CE-CFC6-498B-88EE-115771C465D4} = {456F07CE-CFC6-498B-88EE-115771C465D4}
		{5EFC48DD-0C87-4494-A729-E965769B868F} = {5EFC48DD-0C87-4494-A729-E965769B868F}
	EndProjectSection
EndProject
Project("{8BC9CEB8-8B4A-11D0-8D11-00A0C91BC942}") = "boostLib", "boostLib\boostLib.vcxproj", "{5150CD53-4707-4957-8164-B33A747DA56F}"
EndProject
Project("{8BC9CEB8-8B4A-11D0-8D11-00A0C91BC942}") = "FieldProvider0", "FieldProvider0\FieldProvider0.vcxproj", "{136559A7-AAF2-4621-B977-CD4ECFDE99F8}"
	ProjectSection(ProjectDependencies) = postProject
		{2C2E6743-9098-41F7-9257-85C89CB7ABB1} = {2C2E6743-9098-41F7-9257-85C89CB7ABB1}
	EndProjectSection
EndProject
Project("{8BC9CEB8-8B4A-11D0-8D11-00A0C91BC942}") = "BC0", "BC0\BC0.vcxproj", "{3FFE3875-4029-497C-B092-AB14942E18A4}"
	ProjectSection(ProjectDependencies) = postProject
		{2C2E6743-9098-41F7-9257-85C89CB7ABB1} = {2C2E6743-9098-41F7-9257-85C89CB7ABB1}
	EndProjectSection
EndProject
Project("{8BC9CEB8-8B4A-11D0-8D11-00A0C91BC942}") = "SRC0", "SRC0\SRC0.vcxproj", "{27081ADA-0665-4C29-BFBE-1D2321BE5B91}"
	ProjectSection(ProjectDependencies) = postProject
		{2C2E6743-9098-41F7-9257-85C89CB7ABB1} = {2C2E6743-9098-41F7-9257-85C89CB7ABB1}
	EndProjectSection
EndProject
Project("{8BC9CEB8-8B4A-11D0-8D11-00A0C91BC942}") = "radius0", "radius0\radius0.vcxproj", "{6F3E58D4-4B5E-4515-86B0-3F9A44E0C0BF}"
EndProject
Project("{8BC9CEB8-8B4A-11D0-8D11-00A0C91BC942}") = "TFSF0", "TFSF0\TFSF0.vcxproj", "{FF53329A-6CF6-4962-BE28-40D547379F64}"
	ProjectSection(ProjectDependencies) = postProject
		{2C2E6743-9098-41F7-9257-85C89CB7ABB1} = {2C2E6743-9098-41F7-9257-85C89CB7ABB1}
	EndProjectSection
EndProject
Project("{8BC9CEB8-8B4A-11D0-8D11-00A0C91BC942}") = "TssTest", "TssTest\TssTest.vcxproj", "{8E997F9D-DEA4-4E94-BF83-D013D58A5D41}"
	ProjectSection(ProjectDependencies) = postProject
		{2C2E6743-9098-41F7-9257-85C89CB7ABB1} = {2C2E6743-9098-41F7-9257-85C89CB7ABB1}
		{5150CD53-4707-4957-8164-B33A747DA56F} = {5150CD53-4707-4957-8164-B33A747DA56F}
		{99153180-7D59-45A0-AC25-CCAD92F8F234} = {99153180-7D59-45A0-AC25-CCAD92F8F234}
		{945B73FE-D8D4-42DF-92DA-528A984EE258} = {945B73FE-D8D4-42DF-92DA-528A984EE258}
	EndProjectSection
EndProject
Global
	GlobalSection(SolutionConfigurationPlatforms) = preSolution
		Debug|Mixed Platforms = Debug|Mixed Platforms
		Debug|Win32 = Debug|Win32
		Debug|x64 = Debug|x64
		Release|Mixed Platforms = Release|Mixed Platforms
		Release|Win32 = Release|Win32
		Release|x64 = Release|x64
	EndGlobalSection
	GlobalSection(ProjectConfigurationPlatforms) = postSolution
		{3B81E098-78E9-475A-B0EA-6A44AD03820E}.Debug|Mixed Platforms.ActiveCfg = Debug|x64
		{3B81E098-78E9-475A-B0EA-6A44AD03820E}.Debug|Mixed Platforms.Build.0 = Debug|x64
		{3B81E098-78E9-475A-B0EA-6A44AD03820E}.Debug|Win32.ActiveCfg = Debug|x64
		{3B81E098-78E9-475A-B0EA-6A44AD03820E}.Debug|Win32.Build.0 = Debug|x64
		{3B81E098-78E9-475A-B0EA-6A44AD03820E}.Debug|x64.ActiveCfg = Debug|x64
		{3B81E098-78E9-475A-B0EA-6A44AD03820E}.Debug|x64.Build.0 = Debug|x64
		{3B81E098-78E9-475A-B0EA-6A44AD03820E}.Release|Mixed Platforms.ActiveCfg = Release|x64
		{3B81E098-78E9-475A-B0EA-6A44AD03820E}.Release|Mixed Platforms.Build.0 = Release|x64
		{3B81E098-78E9-475A-B0EA-6A44AD03820E}.Release|Win32.ActiveCfg = Release|x64
		{3B81E098-78E9-475A-B0EA-6A44AD03820E}.Release|Win32.Build.0 = Release|x64
		{3B81E098-78E9-475A-B0EA-6A44AD03820E}.Release|x64.ActiveCfg = Release|x64
		{3B81E098-78E9-475A-B0EA-6A44AD03820E}.Release|x64.Build.0 = Release|x64
		{BDAC3EC0-A1D3-4F48-A9CA-2D3BFB42774C}.Debug|Mixed Platforms.ActiveCfg = Debug|x64
		{BDAC3EC0-A1D3-4F48-A9CA-2D3BFB42774C}.Debug|Mixed Platforms.Build.0 = Debug|x64
		{BDAC3EC0-A1D3-4F48-A9CA-2D3BFB42774C}.Debug|Win32.ActiveCfg = Debug|x64
		{BDAC3EC0-A1D3-4F48-A9CA-2D3BFB42774C}.Debug|Win32.Build.0 = Debug|x64
		{BDAC3EC0-A1D3-4F48-A9CA-2D3BFB42774C}.Debug|x64.ActiveCfg = Debug|x64
		{BDAC3EC0-A1D3-4F48-A9CA-2D3BFB42774C}.Debug|x64.Build.0 = Debug|x64
		{BDAC3EC0-A1D3-4F48-A9CA-2D3BFB42774C}.Release|Mixed Platforms.ActiveCfg = Release|x64
		{BDAC3EC0-A1D3-4F48-A9CA-2D3BFB42774C}.Release|Mixed Platforms.Build.0 = Release|x64
		{BDAC3EC0-A1D3-4F48-A9CA-2D3BFB42774C}.Release|Win32.ActiveCfg = Release|x64
		{BDAC3EC0-A1D3-4F48-A9CA-2D3BFB42774C}.Release|Win32.Build.0 = Release|x64
		{BDAC3EC0-A1D3-4F48-A9CA-2D3BFB42774C}.Release|x64.ActiveCfg = Release|x64
		{BDAC3EC0-A1D3-4F48-A9CA-2D3BFB42774C}.Release|x64.Build.0 = Release|x64
		{99153180-7D59-45A0-AC25-CCAD92F8F234}.Debug|Mixed Platforms.ActiveCfg = Debug|x64
		{99153180-7D59-45A0-AC25-CCAD92F8F234}.Debug|Mixed Platforms.Build.0 = Debug|x64
		{99153180-7D59-45A0-AC25-CCAD92F8F234}.Debug|Win32.ActiveCfg = Debug|x64
		{99153180-7D59-45A0-AC25-CCAD92F8F234}.Debug|Win32.Build.0 = Debug|x64
		{99153180-7D59-45A0-AC25-CCAD92F8F234}.Debug|x64.ActiveCfg = Debug|x64
		{99153180-7D59-45A0-AC25-CCAD92F8F234}.Debug|x64.Build.0 = Debug|x64
		{99153180-7D59-45A0-AC25-CCAD92F8F234}.Release|Mixed Platforms.ActiveCfg = Release|x64
		{99153180-7D59-45A0-AC25-CCAD92F8F234}.Release|Mixed Platforms.Build.0 = Release|x64
		{99153180-7D59-45A0-AC25-CCAD92F8F234}.Release|Win32.ActiveCfg = Release|x64
		{99153180-7D59-45A0-AC25-CCAD92F8F234}.Release|Win32.Build.0 = Release|x64
		{99153180-7D59-45A0-AC25-CCAD92F8F234}.Release|x64.ActiveCfg = Release|x64
		{99153180-7D59-45A0-AC25-CCAD92F8F234}.Release|x64.Build.0 = Release|x64
		{18977EA1-584F-44AD-BCDF-D04B0792715C}.Debug|Mixed Platforms.ActiveCfg = Debug|x64
		{18977EA1-584F-44AD-BCDF-D04B0792715C}.Debug|Mixed Platforms.Build.0 = Debug|x64
		{18977EA1-584F-44AD-BCDF-D04B0792715C}.Debug|Win32.ActiveCfg = Debug|x64
		{18977EA1-584F-44AD-BCDF-D04B0792715C}.Debug|Win32.Build.0 = Debug|x64
		{18977EA1-584F-44AD-BCDF-D04B0792715C}.Debug|x64.ActiveCfg = Debug|x64
		{18977EA1-584F-44AD-BCDF-D04B0792715C}.Debug|x64.Build.0 = Debug|x64
		{18977EA1-584F-44AD-BCDF-D04B0792715C}.Release|Mixed Platforms.ActiveCfg = Release|x64
		{18977EA1-584F-44AD-BCDF-D04B0792715C}.Release|Mixed Platforms.Build.0 = Release|x64
		{18977EA1-584F-44AD-BCDF-D04B0792715C}.Release|Win32.ActiveCfg = Release|x64
		{18977EA1-584F-44AD-BCDF-D04B0792715C}.Release|Win32.Build.0 = Release|x64
		{18977EA1-584F-44AD-BCDF-D04B0792715C}.Release|x64.ActiveCfg = Release|x64
		{18977EA1-584F-44AD-BCDF-D04B0792715C}.Release|x64.Build.0 = Release|x64
		{18977EA1-584F-44AD-BCDF-D04B0792715C}.Release|x64.Deploy.0 = Release|x64
		{5EFC48DD-0C87-4494-A729-E965769B868F}.Debug|Mixed Platforms.ActiveCfg = Debug|x64
		{5EFC48DD-0C87-4494-A729-E965769B868F}.Debug|Mixed Platforms.Build.0 = Debug|x64
		{5EFC48DD-0C87-4494-A729-E965769B868F}.Debug|Win32.ActiveCfg = Debug|x64
		{5EFC48DD-0C87-4494-A729-E965769B868F}.Debug|Win32.Build.0 = Debug|x64
		{5EFC48DD-0C87-4494-A729-E965769B868F}.Debug|x64.ActiveCfg = Debug|x64
		{5EFC48DD-0C87-4494-A729-E965769B868F}.Debug|x64.Build.0 = Debug|x64
		{5EFC48DD-0C87-4494-A729-E965769B868F}.Release|Mixed Platforms.ActiveCfg = Release|x64
		{5EFC48DD-0C87-4494-A729-E965769B868F}.Release|Mixed Platforms.Build.0 = Release|x64
		{5EFC48DD-0C87-4494-A729-E965769B868F}.Release|Win32.ActiveCfg = Release|x64
		{5EFC48DD-0C87-4494-A729-E965769B868F}.Release|Win32.Build.0 = Release|x64
		{5EFC48DD-0C87-4494-A729-E965769B868F}.Release|x64.ActiveCfg = Release|x64
		{5EFC48DD-0C87-4494-A729-E965769B868F}.Release|x64.Build.0 = Release|x64
		{456F07CE-CFC6-498B-88EE-115771C465D4}.Debug|Mixed Platforms.ActiveCfg = Debug|x64
		{456F07CE-CFC6-498B-88EE-115771C465D4}.Debug|Mixed Platforms.Build.0 = Debug|x64
		{456F07CE-CFC6-498B-88EE-115771C465D4}.Debug|Win32.ActiveCfg = Debug|x64
		{456F07CE-CFC6-498B-88EE-115771C465D4}.Debug|Win32.Build.0 = Debug|x64
		{456F07CE-CFC6-498B-88EE-115771C465D4}.Debug|x64.ActiveCfg = Debug|x64
		{456F07CE-CFC6-498B-88EE-115771C465D4}.Debug|x64.Build.0 = Debug|x64
		{456F07CE-CFC6-498B-88EE-115771C465D4}.Release|Mixed Platforms.ActiveCfg = Release|x64
		{456F07CE-CFC6-498B-88EE-115771C465D4}.Release|Mixed Platforms.Build.0 = Release|x64
		{456F07CE-CFC6-498B-88EE-115771C465D4}.Release|Win32.ActiveCfg = Release|x64
		{456F07CE-CFC6-498B-88EE-115771C465D4}.Release|Win32.Build.0 = Release|x64
		{456F07CE-CFC6-498B-88EE-115771C465D4}.Release|x64.ActiveCfg = Release|x64
		{456F07CE-CFC6-498B-88EE-115771C465D4}.Release|x64.Build.0 = Release|x64
		{2C2E6743-9098-41F7-9257-85C89CB7ABB1}.Debug|Mixed Platforms.ActiveCfg = Debug|x64
		{2C2E6743-9098-41F7-9257-85C89CB7ABB1}.Debug|Mixed Platforms.Build.0 = Debug|x64
		{2C2E6743-9098-41F7-9257-85C89CB7ABB1}.Debug|Win32.ActiveCfg = Debug|x64
		{2C2E6743-9098-41F7-9257-85C89CB7ABB1}.Debug|Win32.Build.0 = Debug|x64
		{2C2E6743-9098-41F7-9257-85C89CB7ABB1}.Debug|x64.ActiveCfg = Debug|x64
		{2C2E6743-9098-41F7-9257-85C89CB7ABB1}.Debug|x64.Build.0 = Debug|x64
		{2C2E6743-9098-41F7-9257-85C89CB7ABB1}.Release|Mixed Platforms.ActiveCfg = Release|x64
		{2C2E6743-9098-41F7-9257-85C89CB7ABB1}.Release|Mixed Platforms.Build.0 = Release|x64
		{2C2E6743-9098-41F7-9257-85C89CB7ABB1}.Release|Win32.ActiveCfg = Release|x64
		{2C2E6743-9098-41F7-9257-85C89CB7ABB1}.Release|Win32.Build.0 = Release|x64
		{2C2E6743-9098-41F7-9257-85C89CB7ABB1}.Release|x64.ActiveCfg = Release|x64
		{2C2E6743-9098-41F7-9257-85C89CB7ABB1}.Release|x64.Build.0 = Release|x64
		{F713E96D-2202-422F-BE07-9B990E4360CB}.Debug|Mixed Platforms.ActiveCfg = Debug|x64
		{F713E96D-2202-422F-BE07-9B990E4360CB}.Debug|Mixed Platforms.Build.0 = Debug|x64
		{F713E96D-2202-422F-BE07-9B990E4360CB}.Debug|Win32.ActiveCfg = Debug|x64
		{F713E96D-2202-422F-BE07-9B990E4360CB}.Debug|Win32.Build.0 = Debug|x64
		{F713E96D-2202-422F-BE07-9B990E4360CB}.Debug|x64.ActiveCfg = Debug|x64
		{F713E96D-2202-422F-BE07-9B990E4360CB}.Debug|x64.Build.0 = Debug|x64
		{F713E96D-2202-422F-BE07-9B990E4360CB}.Release|Mixed Platforms.ActiveCfg = Release|x64
		{F713E96D-2202-422F-BE07-9B990E4360CB}.Release|Mixed Platforms.Build.0 = Release|x64
		{F713E96D-2202-422F-BE07-9B990E4360CB}.Release|Win32.ActiveCfg = Release|x64
		{F713E96D-2202-422F-BE07-9B990E4360CB}.Release|Win32.Build.0 = Release|x64
		{F713E96D-2202-422F-BE07-9B990E4360CB}.Release|x64.ActiveCfg = Release|x64
		{F713E96D-2202-422F-BE07-9B990E4360CB}.Release|x64.Build.0 = Release|x64
		{863B8BCC-9D20-45A8-82C7-04919C459C45}.Debug|Mixed Platforms.ActiveCfg = Debug|x64
		{863B8BCC-9D20-45A8-82C7-04919C459C45}.Debug|Mixed Platforms.Build.0 = Debug|x64
		{863B8BCC-9D20-45A8-82C7-04919C459C45}.Debug|Win32.ActiveCfg = Debug|Win32
		{863B8BCC-9D20-45A8-82C7-04919C459C45}.Debug|Win32.Build.0 = Debug|Win32
		{863B8BCC-9D20-45A8-82C7-04919C459C45}.Debug|x64.ActiveCfg = Debug|x64
		{863B8BCC-9D20-45A8-82C7-04919C459C45}.Debug|x64.Build.0 = Debug|x64
		{863B8BCC-9D20-45A8-82C7-04919C459C45}.Release|Mixed Platforms.ActiveCfg = Release|x64
		{863B8BCC-9D20-45A8-82C7-04919C459C45}.Release|Mixed Platforms.Build.0 = Release|x64
		{863B8BCC-9D20-45A8-82C7-04919C459C45}.Release|Win32.ActiveCfg = Release|Win32
		{863B8BCC-9D20-45A8-82C7-04919C459C45}.Release|Win32.Build.0 = Release|Win32
		{863B8BCC-9D20-45A8-82C7-04919C459C45}.Release|x64.ActiveCfg = Release|x64
		{863B8BCC-9D20-45A8-82C7-04919C459C45}.Release|x64.Build.0 = Release|x64
		{945B73FE-D8D4-42DF-92DA-528A984EE258}.Debug|Mixed Platforms.ActiveCfg = Debug|x64
		{945B73FE-D8D4-42DF-92DA-528A984EE258}.Debug|Mixed Platforms.Build.0 = Debug|x64
		{945B73FE-D8D4-42DF-92DA-528A984EE258}.Debug|Win32.ActiveCfg = Debug|Win32
		{945B73FE-D8D4-42DF-92DA-528A984EE258}.Debug|Win32.Build.0 = Debug|Win32
		{945B73FE-D8D4-42DF-92DA-528A984EE258}.Debug|x64.ActiveCfg = Debug|x64
		{945B73FE-D8D4-42DF-92DA-528A984EE258}.Debug|x64.Build.0 = Debug|x64
		{945B73FE-D8D4-42DF-92DA-528A984EE258}.Release|Mixed Platforms.ActiveCfg = Release|x64
		{945B73FE-D8D4-42DF-92DA-528A984EE258}.Release|Mixed Platforms.Build.0 = Release|x64
		{945B73FE-D8D4-42DF-92DA-528A984EE258}.Release|Win32.ActiveCfg = Release|Win32
		{945B73FE-D8D4-42DF-92DA-528A984EE258}.Release|Win32.Build.0 = Release|Win32
		{945B73FE-D8D4-42DF-92DA-528A984EE258}.Release|x64.ActiveCfg = Release|x64
		{945B73FE-D8D4-42DF-92DA-528A984EE258}.Release|x64.Build.0 = Release|x64
		{5150CD53-4707-4957-8164-B33A747DA56F}.Debug|Mixed Platforms.ActiveCfg = Debug|x64
		{5150CD53-4707-4957-8164-B33A747DA56F}.Debug|Mixed Platforms.Build.0 = Debug|x64
		{5150CD53-4707-4957-8164-B33A747DA56F}.Debug|Win32.ActiveCfg = Debug|Win32
		{5150CD53-4707-4957-8164-B33A747DA56F}.Debug|Win32.Build.0 = Debug|Win32
		{5150CD53-4707-4957-8164-B33A747DA56F}.Debug|x64.ActiveCfg = Debug|x64
		{5150CD53-4707-4957-8164-B33A747DA56F}.Debug|x64.Build.0 = Debug|x64
		{5150CD53-4707-4957-8164-B33A747DA56F}.Release|Mixed Platforms.ActiveCfg = Release|x64
		{5150CD53-4707-4957-8164-B33A747DA56F}.Release|Mixed Platforms.Build.0 = Release|x64
		{5150CD53-4707-4957-8164-B33A747DA56F}.Release|Win32.ActiveCfg = Release|Win32
		{5150CD53-4707-4957-8164-B33A747DA56F}.Release|Win32.Build.0 = Release|Win32
		{5150CD53-4707-4957-8164-B33A747DA56F}.Release|x64.ActiveCfg = Release|x64
		{5150CD53-4707-4957-8164-B33A747DA56F}.Release|x64.Build.0 = Release|x64
		{136559A7-AAF2-4621-B977-CD4ECFDE99F8}.Debug|Mixed Platforms.ActiveCfg = Debug|x64
		{136559A7-AAF2-4621-B977-CD4ECFDE99F8}.Debug|Mixed Platforms.Build.0 = Debug|x64
		{136559A7-AAF2-4621-B977-CD4ECFDE99F8}.Debug|Win32.ActiveCfg = Debug|Win32
		{136559A7-AAF2-4621-B977-CD4ECFDE99F8}.Debug|Win32.Build.0 = Debug|Win32
		{136559A7-AAF2-4621-B977-CD4ECFDE99F8}.Debug|x64.ActiveCfg = Debug|x64
		{136559A7-AAF2-4621-B977-CD4ECFDE99F8}.Debug|x64.Build.0 = Debug|x64
		{136559A7-AAF2-4621-B977-CD4ECFDE99F8}.Release|Mixed Platforms.ActiveCfg = Release|x64
		{136559A7-AAF2-4621-B977-CD4ECFDE99F8}.Release|Mixed Platforms.Build.0 = Release|x64
		{136559A7-AAF2-4621-B977-CD4ECFDE99F8}.Release|Win32.ActiveCfg = Release|Win32
		{136559A7-AAF2-4621-B977-CD4ECFDE99F8}.Release|Win32.Build.0 = Release|Win32
		{136559A7-AAF2-4621-B977-CD4ECFDE99F8}.Release|x64.ActiveCfg = Release|x64
		{136559A7-AAF2-4621-B977-CD4ECFDE99F8}.Release|x64.Build.0 = Release|x64
		{3FFE3875-4029-497C-B092-AB14942E18A4}.Debug|Mixed Platforms.ActiveCfg = Debug|x64
		{3FFE3875-4029-497C-B092-AB14942E18A4}.Debug|Mixed Platforms.Build.0 = Debug|x64
		{3FFE3875-4029-497C-B092-AB14942E18A4}.Debug|Win32.ActiveCfg = Debug|Win32
		{3FFE3875-4029-497C-B092-AB14942E18A4}.Debug|Win32.Build.0 = Debug|Win32
		{3FFE3875-4029-497C-B092-AB14942E18A4}.Debug|x64.ActiveCfg = Debug|x64
		{3FFE3875-4029-497C-B092-AB14942E18A4}.Debug|x64.Build.0 = Debug|x64
		{3FFE3875-4029-497C-B092-AB14942E18A4}.Release|Mixed Platforms.ActiveCfg = Release|x64
		{3FFE3875-4029-497C-B092-AB14942E18A4}.Release|Mixed Platforms.Build.0 = Release|x64
		{3FFE3875-4029-497C-B092-AB14942E18A4}.Release|Win32.ActiveCfg = Release|Win32
		{3FFE3875-4029-497C-B092-AB14942E18A4}.Release|Win32.Build.0 = Release|Win32
		{3FFE3875-4029-497C-B092-AB14942E18A4}.Release|x64.ActiveCfg = Release|x64
		{3FFE3875-4029-497C-B092-AB14942E18A4}.Release|x64.Build.0 = Release|x64
		{27081ADA-0665-4C29-BFBE-1D2321BE5B91}.Debug|Mixed Platforms.ActiveCfg = Debug|x64
		{27081ADA-0665-4C29-BFBE-1D2321BE5B91}.Debug|Mixed Platforms.Build.0 = Debug|x64
		{27081ADA-0665-4C29-BFBE-1D2321BE5B91}.Debug|Win32.ActiveCfg = Debug|Win32
		{27081ADA-0665-4C29-BFBE-1D2321BE5B91}.Debug|Win32.Build.0 = Debug|Win32
		{27081ADA-0665-4C29-BFBE-1D2321BE5B91}.Debug|x64.ActiveCfg = Debug|x64
		{27081ADA-0665-4C29-BFBE-1D2321BE5B91}.Debug|x64.Build.0 = Debug|x64
		{27081ADA-0665-4C29-BFBE-1D2321BE5B91}.Release|Mixed Platforms.ActiveCfg = Release|x64
		{27081ADA-0665-4C29-BFBE-1D2321BE5B91}.Release|Mixed Platforms.Build.0 = Release|x64
		{27081ADA-0665-4C29-BFBE-1D2321BE5B91}.Release|Win32.ActiveCfg = Release|Win32
		{27081ADA-0665-4C29-BFBE-1D2321BE5B91}.Release|Win32.Build.0 = Release|Win32
		{27081ADA-0665-4C29-BFBE-1D2321BE5B91}.Release|x64.ActiveCfg = Release|x64
		{27081ADA-0665-4C29-BFBE-1D2321BE5B91}.Release|x64.Build.0 = Release|x64
		{6F3E58D4-4B5E-4515-86B0-3F9A44E0C0BF}.Debug|Mixed Platforms.ActiveCfg = Debug|x64
		{6F3E58D4-4B5E-4515-86B0-3F9A44E0C0BF}.Debug|Mixed Platforms.Build.0 = Debug|x64
		{6F3E58D4-4B5E-4515-86B0-3F9A44E0C0BF}.Debug|Win32.ActiveCfg = Debug|Win32
		{6F3E58D4-4B5E-4515-86B0-3F9A44E0C0BF}.Debug|Win32.Build.0 = Debug|Win32
		{6F3E58D4-4B5E-4515-86B0-3F9A44E0C0BF}.Debug|x64.ActiveCfg = Debug|x64
		{6F3E58D4-4B5E-4515-86B0-3F9A44E0C0BF}.Debug|x64.Build.0 = Debug|x64
		{6F3E58D4-4B5E-4515-86B0-3F9A44E0C0BF}.Release|Mixed Platforms.ActiveCfg = Release|x64
		{6F3E58D4-4B5E-4515-86B0-3F9A44E0C0BF}.Release|Mixed Platforms.Build.0 = Release|x64
		{6F3E58D4-4B5E-4515-86B0-3F9A44E0C0BF}.Release|Win32.ActiveCfg = Release|Win32
		{6F3E58D4-4B5E-4515-86B0-3F9A44E0C0BF}.Release|Win32.Build.0 = Release|Win32
		{6F3E58D4-4B5E-4515-86B0-3F9A44E0C0BF}.Release|x64.ActiveCfg = Release|x64
		{6F3E58D4-4B5E-4515-86B0-3F9A44E0C0BF}.Release|x64.Build.0 = Release|x64
		{FF53329A-6CF6-4962-BE28-40D547379F64}.Debug|Mixed Platforms.ActiveCfg = Debug|x64
		{FF53329A-6CF6-4962-BE28-40D547379F64}.Debug|Mixed Platforms.Build.0 = Debug|x64
		{FF53329A-6CF6-4962-BE28-40D547379F64}.Debug|Win32.ActiveCfg = Debug|Win32
		{FF53329A-6CF6-4962-BE28-40D547379F64}.Debug|Win32.Build.0 = Debug|Win32
		{FF53329A-6CF6-4962-BE28-40D547379F64}.Debug|x64.ActiveCfg = Debug|x64
		{FF53329A-6CF6-4962-BE28-40D547379F64}.Debug|x64.Build.0 = Debug|x64
		{FF53329A-6CF6-4962-BE28-40D547379F64}.Release|Mixed Platforms.ActiveCfg = Release|x64
		{FF53329A-6CF6-4962-BE28-40D547379F64}.Release|Mixed Platforms.Build.0 = Release|x64
		{FF53329A-6CF6-4962-BE28-40D547379F64}.Release|Win32.ActiveCfg = Release|Win32
		{FF53329A-6CF6-4962-BE28-40D547379F64}.Release|Win32.Build.0 = Release|Win32
		{FF53329A-6CF6-4962-BE28-40D547379F64}.Release|x64.ActiveCfg = Release|x64
		{FF53329A-6CF6-4962-BE28-40D547379F64}.Release|x64.Build.0 = Release|x64
		{8E997F9D-DEA4-4E94-BF83-D013D58A5D41}.Debug|Mixed Platforms.ActiveCfg = Debug|x64
		{8E997F9D-DEA4-4E94-BF83-D013D58A5D41}.Debug|Mixed Platforms.Build.0 = Debug|x64
		{8E997F9D-DEA4-4E94-BF83-D013D58A5D41}.Debug|Win32.ActiveCfg = Debug|Win32
		{8E997F9D-DEA4-4E94-BF83-D013D58A5D41}.Debug|Win32.Build.0 = Debug|Win32
		{8E997F9D-DEA4-4E94-BF83-D013D58A5D41}.Debug|x64.ActiveCfg = Debug|x64
		{8E997F9D-DEA4-4E94-BF83-D013D58A5D41}.Debug|x64.Build.0 = Debug|x64
		{8E997F9D-DEA4-4E94-BF83-D013D58A5D41}.Release|Mixed Platforms.ActiveCfg = Release|x64
		{8E997F9D-DEA4-4E94-BF83-D013D58A5D41}.Release|Mixed Platforms.Build.0 = Release|x64
		{8E997F9D-DEA4-4E94-BF83-D013D58A5D41}.Release|Win32.ActiveCfg = Release|Win32
		{8E997F9D-DEA4-4E94-BF83-D013D58A5D41}.Release|Win32.Build.0 = Release|Win32
		{8E997F9D-DEA4-4E94-BF83-D013D58A5D41}.Release|x64.ActiveCfg = Release|x64
		{8E997F9D-DEA4-4E94-BF83-D013D58A5D41}.Release|x64.Build.0 = Release|x64
	EndGlobalSection
	GlobalSection(SolutionProperties) = preSolution
		HideSolutionNode = FALSE
	EndGlobalSection
EndGlobal
