<?xml version="1.0" encoding="utf-8"?>
<Project ToolsVersion="4.0" xmlns="http://schemas.microsoft.com/developer/msbuild/2003">
  <ItemGroup>
    <Filter Include="Source Files">
      <UniqueIdentifier>{4FC737F1-C7A5-4376-A066-2A32D752A2FF}</UniqueIdentifier>
      <Extensions>cpp;c;cc;cxx;def;odl;idl;hpj;bat;asm;asmx</Extensions>
    </Filter>
    <Filter Include="Header Files">
      <UniqueIdentifier>{93995380-89BD-4b04-88EB-625FBE52EBFB}</UniqueIdentifier>
      <Extensions>h;hh;hpp;hxx;hm;inl;inc;xsd</Extensions>
    </Filter>
    <Filter Include="Resource Files">
      <UniqueIdentifier>{67DA6AB6-F800-4c08-8B7A-83BB121AAD01}</UniqueIdentifier>
      <Extensions>rc;ico;cur;bmp;dlg;rc2;rct;bin;rgs;gif;jpg;jpeg;jpe;resx;tiff;tif;png;wav;mfcribbon-ms</Extensions>
    </Filter>
  </ItemGroup>
  <ItemGroup>
    <Text Include="ReadMe.txt" />
  </ItemGroup>
  <ItemGroup>
    <ClInclude Include="CurlXYZ.h">
      <Filter>Header Files</Filter>
    </ClInclude>
    <ClInclude Include="CurlXYZ2.h">
      <Filter>Header Files</Filter>
    </ClInclude>
    <ClInclude Include="TssTest.h">
      <Filter>Header Files</Filter>
    </ClInclude>
    <ClInclude Include="FieldsTester.h">
      <Filter>Header Files</Filter>
    </ClInclude>
    <ClInclude Include="GaussianCurl.h">
      <Filter>Header Files</Filter>
    </ClInclude>
    <ClInclude Include="GaussianTest.h">
      <Filter>Header Files</Filter>
    </ClInclude>
    <ClInclude Include="PluginInstances.h">
      <Filter>Header Files</Filter>
    </ClInclude>
    <ClInclude Include="RadiusCubic.h">
      <Filter>Header Files</Filter>
    </ClInclude>
    <ClInclude Include="RadiusStatistics.h">
      <Filter>Header Files</Filter>
    </ClInclude>
    <ClInclude Include="RickerSource.h">
      <Filter>Header Files</Filter>
    </ClInclude>
    <ClInclude Include="FieldsNull.h">
      <Filter>Header Files</Filter>
    </ClInclude>
    <ClInclude Include="HeidlerCurrent.h">
      <Filter>Header Files</Filter>
    </ClInclude>
    <ClInclude Include="BoundaryTssVoid.h">
      <Filter>Header Files</Filter>
    </ClInclude>
    <ClInclude Include="GaussianCurlYee.h">
      <Filter>Header Files</Filter>
    </ClInclude>
  </ItemGroup>
  <ItemGroup>
    <ClCompile Include="CurlXYZ.cpp">
      <Filter>Source Files</Filter>
    </ClCompile>
    <ClCompile Include="CurlXYZ2.cpp">
      <Filter>Source Files</Filter>
    </ClCompile>
    <ClCompile Include="TssTest.cpp">
      <Filter>Source Files</Filter>
    </ClCompile>
    <ClCompile Include="GaussianCurl.cpp">
      <Filter>Source Files</Filter>
    </ClCompile>
    <ClCompile Include="GaussianTest.cpp">
      <Filter>Source Files</Filter>
    </ClCompile>
    <ClCompile Include="PluginInstances.cpp">
      <Filter>Source Files</Filter>
    </ClCompile>
    <ClCompile Include="RadiusCubic.cpp">
      <Filter>Source Files</Filter>
    </ClCompile>
    <ClCompile Include="RadiusStatistics.cpp">
      <Filter>Source Files</Filter>
    </ClCompile>
    <ClCompile Include="RickerSource.cpp">
      <Filter>Source Files</Filter>
    </ClCompile>
    <ClCompile Include="FieldsNull.cpp">
      <Filter>Source Files</Filter>
    </ClCompile>
    <ClCompile Include="HeidlerCurrent.cpp">
      <Filter>Source Files</Filter>
    </ClCompile>
    <ClCompile Include="BoundaryTssVoid.cpp">
      <Filter>Source Files</Filter>
    </ClCompile>
    <ClCompile Include="GaussianCurlYee.cpp">
      <Filter>Source Files</Filter>
    </ClCompile>
  </ItemGroup>
</Project>