
Microsoft Visual Studio Solution File, Format Version 12.00
# Visual Studio 2013
VisualStudioVersion = 12.0.31101.0
MinimumVisualStudioVersion = 10.0.40219.1
Project("{8BC9CEB8-8B4A-11D0-8D11-00A0C91BC942}") = "EMconsole", "EMconsole\EMconsole.vcxproj", "{3B81E098-78E9-475A-B0EA-6A44AD03820E}"
	ProjectSection(ProjectDependencies) = postProject
		{A3F5CD08-1C45-4E21-90D2-230EE1922403} = {A3F5CD08-1C45-4E21-90D2-230EE1922403}
		{6D48B618-4645-4403-A379-99F1C4CE8FB2} = {6D48B618-4645-4403-A379-99F1C4CE8FB2}
		{8967D23B-8955-4A37-86A4-A94A1B61659F} = {8967D23B-8955-4A37-86A4-A94A1B61659F}
		{2C2E6743-9098-41F7-9257-85C89CB7ABB1} = {2C2E6743-9098-41F7-9257-85C89CB7ABB1}
		{F713E96D-2202-422F-BE07-9B990E4360CB} = {F713E96D-2202-422F-BE07-9B990E4360CB}
		{A2CC7674-8F76-4DA1-825E-D2F6D4DBDBAE} = {A2CC7674-8F76-4DA1-825E-D2F6D4DBDBAE}
		{99153180-7D59-45A0-AC25-CCAD92F8F234} = {99153180-7D59-45A0-AC25-CCAD92F8F234}
		{1077AF8A-4128-4248-B7B5-F5BE513637FC} = {1077AF8A-4128-4248-B7B5-F5BE513637FC}
		{18977EA1-584F-44AD-BCDF-D04B0792715C} = {18977EA1-584F-44AD-BCDF-D04B0792715C}
		{DD0637AA-A0B2-400E-ACFF-5CD376E48A48} = {DD0637AA-A0B2-400E-ACFF-5CD376E48A48}
		{BDAC3EC0-A1D3-4F48-A9CA-2D3BFB42774C} = {BDAC3EC0-A1D3-4F48-A9CA-2D3BFB42774C}
		{863B8BCC-9D20-45A8-82C7-04919C459C45} = {863B8BCC-9D20-45A8-82C7-04919C459C45}
		{456F07CE-CFC6-498B-88EE-115771C465D4} = {456F07CE-CFC6-498B-88EE-115771C465D4}
		{5EFC48DD-0C87-4494-A729-E965769B868F} = {5EFC48DD-0C87-4494-A729-E965769B868F}
		{76D819FF-6E98-49A9-A79B-4C665D6A969A} = {76D819FF-6E98-49A9-A79B-4C665D6A969A}
	EndProjectSection
EndProject
Project("{8BC9CEB8-8B4A-11D0-8D11-00A0C91BC942}") = "OutputUtil", "OutputUtil\OutputUtil.vcxproj", "{BDAC3EC0-A1D3-4F48-A9CA-2D3BFB42774C}"
EndProject
Project("{8BC9CEB8-8B4A-11D0-8D11-00A0C91BC942}") = "FileUtil", "FileUtil\FileUtil.vcxproj", "{99153180-7D59-45A0-AC25-CCAD92F8F234}"
EndProject
Project("{8BC9CEB8-8B4A-11D0-8D11-00A0C91BC942}") = "MemoryMan", "MemoryMan\MemoryMan.vcxproj", "{18977EA1-584F-44AD-BCDF-D04B0792715C}"
	ProjectSection(ProjectDependencies) = postProject
		{99153180-7D59-45A0-AC25-CCAD92F8F234} = {99153180-7D59-45A0-AC25-CCAD92F8F234}
		{5EFC48DD-0C87-4494-A729-E965769B868F} = {5EFC48DD-0C87-4494-A729-E965769B868F}
	EndProjectSection
EndProject
Project("{8BC9CEB8-8B4A-11D0-8D11-00A0C91BC942}") = "ProcessMonitor", "ProcessMonitor\ProcessMonitor.vcxproj", "{5EFC48DD-0C87-4494-A729-E965769B868F}"
EndProject
Project("{8BC9CEB8-8B4A-11D0-8D11-00A0C91BC942}") = "MathTools", "MathTools\MathTools.vcxproj", "{456F07CE-CFC6-498B-88EE-115771C465D4}"
EndProject
Project("{8BC9CEB8-8B4A-11D0-8D11-00A0C91BC942}") = "EMField", "EMField\EMField.vcxproj", "{2C2E6743-9098-41F7-9257-85C89CB7ABB1}"
	ProjectSection(ProjectDependencies) = postProject
		{99153180-7D59-45A0-AC25-CCAD92F8F234} = {99153180-7D59-45A0-AC25-CCAD92F8F234}
		{18977EA1-584F-44AD-BCDF-D04B0792715C} = {18977EA1-584F-44AD-BCDF-D04B0792715C}
		{BDAC3EC0-A1D3-4F48-A9CA-2D3BFB42774C} = {BDAC3EC0-A1D3-4F48-A9CA-2D3BFB42774C}
		{456F07CE-CFC6-498B-88EE-115771C465D4} = {456F07CE-CFC6-498B-88EE-115771C465D4}
		{5EFC48DD-0C87-4494-A729-E965769B868F} = {5EFC48DD-0C87-4494-A729-E965769B868F}
	EndProjectSection
EndProject
Project("{8BC9CEB8-8B4A-11D0-8D11-00A0C91BC942}") = "FieldProviders", "FieldProviders\FieldProviders.vcxproj", "{8967D23B-8955-4A37-86A4-A94A1B61659F}"
	ProjectSection(ProjectDependencies) = postProject
		{2C2E6743-9098-41F7-9257-85C89CB7ABB1} = {2C2E6743-9098-41F7-9257-85C89CB7ABB1}
	EndProjectSection
EndProject
Project("{8BC9CEB8-8B4A-11D0-8D11-00A0C91BC942}") = "TssInSphere", "TssInSphere\TssInSphere.vcxproj", "{F713E96D-2202-422F-BE07-9B990E4360CB}"
	ProjectSection(ProjectDependencies) = postProject
		{A3F5CD08-1C45-4E21-90D2-230EE1922403} = {A3F5CD08-1C45-4E21-90D2-230EE1922403}
		{2C2E6743-9098-41F7-9257-85C89CB7ABB1} = {2C2E6743-9098-41F7-9257-85C89CB7ABB1}
		{99153180-7D59-45A0-AC25-CCAD92F8F234} = {99153180-7D59-45A0-AC25-CCAD92F8F234}
		{18977EA1-584F-44AD-BCDF-D04B0792715C} = {18977EA1-584F-44AD-BCDF-D04B0792715C}
		{BDAC3EC0-A1D3-4F48-A9CA-2D3BFB42774C} = {BDAC3EC0-A1D3-4F48-A9CA-2D3BFB42774C}
		{456F07CE-CFC6-498B-88EE-115771C465D4} = {456F07CE-CFC6-498B-88EE-115771C465D4}
		{5EFC48DD-0C87-4494-A729-E965769B868F} = {5EFC48DD-0C87-4494-A729-E965769B868F}
	EndProjectSection
EndProject
Project("{8BC9CEB8-8B4A-11D0-8D11-00A0C91BC942}") = "YeeFDTD", "YeeFDTD\YeeFDTD.vcxproj", "{A2CC7674-8F76-4DA1-825E-D2F6D4DBDBAE}"
	ProjectSection(ProjectDependencies) = postProject
		{A3F5CD08-1C45-4E21-90D2-230EE1922403} = {A3F5CD08-1C45-4E21-90D2-230EE1922403}
		{2C2E6743-9098-41F7-9257-85C89CB7ABB1} = {2C2E6743-9098-41F7-9257-85C89CB7ABB1}
		{F713E96D-2202-422F-BE07-9B990E4360CB} = {F713E96D-2202-422F-BE07-9B990E4360CB}
		{99153180-7D59-45A0-AC25-CCAD92F8F234} = {99153180-7D59-45A0-AC25-CCAD92F8F234}
		{18977EA1-584F-44AD-BCDF-D04B0792715C} = {18977EA1-584F-44AD-BCDF-D04B0792715C}
		{BDAC3EC0-A1D3-4F48-A9CA-2D3BFB42774C} = {BDAC3EC0-A1D3-4F48-A9CA-2D3BFB42774C}
		{456F07CE-CFC6-498B-88EE-115771C465D4} = {456F07CE-CFC6-498B-88EE-115771C465D4}
		{5EFC48DD-0C87-4494-A729-E965769B868F} = {5EFC48DD-0C87-4494-A729-E965769B868F}
	EndProjectSection
EndProject
Project("{8BC9CEB8-8B4A-11D0-8D11-00A0C91BC942}") = "FieldDataComparer", "FieldDataComparer\FieldDataComparer.vcxproj", "{863B8BCC-9D20-45A8-82C7-04919C459C45}"
	ProjectSection(ProjectDependencies) = postProject
		{2C2E6743-9098-41F7-9257-85C89CB7ABB1} = {2C2E6743-9098-41F7-9257-85C89CB7ABB1}
		{F713E96D-2202-422F-BE07-9B990E4360CB} = {F713E96D-2202-422F-BE07-9B990E4360CB}
		{A2CC7674-8F76-4DA1-825E-D2F6D4DBDBAE} = {A2CC7674-8F76-4DA1-825E-D2F6D4DBDBAE}
	EndProjectSection
EndProject
Project("{8BC9CEB8-8B4A-11D0-8D11-00A0C91BC942}") = "BoundaryConditionA", "BoundaryConditionA\BoundaryConditionA.vcxproj", "{1077AF8A-4128-4248-B7B5-F5BE513637FC}"
	ProjectSection(ProjectDependencies) = postProject
		{2C2E6743-9098-41F7-9257-85C89CB7ABB1} = {2C2E6743-9098-41F7-9257-85C89CB7ABB1}
		{18977EA1-584F-44AD-BCDF-D04B0792715C} = {18977EA1-584F-44AD-BCDF-D04B0792715C}
	EndProjectSection
EndProject
Project("{8BC9CEB8-8B4A-11D0-8D11-00A0C91BC942}") = "TotalFieldScatteredFieldSample", "TotalFieldScatteredFieldSample\TotalFieldScatteredFieldSample.vcxproj", "{6D48B618-4645-4403-A379-99F1C4CE8FB2}"
	ProjectSection(ProjectDependencies) = postProject
		{2C2E6743-9098-41F7-9257-85C89CB7ABB1} = {2C2E6743-9098-41F7-9257-85C89CB7ABB1}
		{18977EA1-584F-44AD-BCDF-D04B0792715C} = {18977EA1-584F-44AD-BCDF-D04B0792715C}
	EndProjectSection
EndProject
Project("{8BC9CEB8-8B4A-11D0-8D11-00A0C91BC942}") = "TssFDTD", "TssFDTD\TssFDTD.vcxproj", "{76D819FF-6E98-49A9-A79B-4C665D6A969A}"
	ProjectSection(ProjectDependencies) = postProject
		{A3F5CD08-1C45-4E21-90D2-230EE1922403} = {A3F5CD08-1C45-4E21-90D2-230EE1922403}
		{2C2E6743-9098-41F7-9257-85C89CB7ABB1} = {2C2E6743-9098-41F7-9257-85C89CB7ABB1}
		{F713E96D-2202-422F-BE07-9B990E4360CB} = {F713E96D-2202-422F-BE07-9B990E4360CB}
		{99153180-7D59-45A0-AC25-CCAD92F8F234} = {99153180-7D59-45A0-AC25-CCAD92F8F234}
		{18977EA1-584F-44AD-BCDF-D04B0792715C} = {18977EA1-584F-44AD-BCDF-D04B0792715C}
		{456F07CE-CFC6-498B-88EE-115771C465D4} = {456F07CE-CFC6-498B-88EE-115771C465D4}
	EndProjectSection
EndProject
Project("{8BC9CEB8-8B4A-11D0-8D11-00A0C91BC942}") = "FieldSourceSamples", "FieldSourceSamples\FieldSourceSamples.vcxproj", "{DD0637AA-A0B2-400E-ACFF-5CD376E48A48}"
	ProjectSection(ProjectDependencies) = postProject
		{2C2E6743-9098-41F7-9257-85C89CB7ABB1} = {2C2E6743-9098-41F7-9257-85C89CB7ABB1}
		{99153180-7D59-45A0-AC25-CCAD92F8F234} = {99153180-7D59-45A0-AC25-CCAD92F8F234}
		{18977EA1-584F-44AD-BCDF-D04B0792715C} = {18977EA1-584F-44AD-BCDF-D04B0792715C}
	EndProjectSection
EndProject
Project("{8BC9CEB8-8B4A-11D0-8D11-00A0C91BC942}") = "ArbitraryOrder", "ArbitraryOrder\ArbitraryOrder.vcxproj", "{A3F5CD08-1C45-4E21-90D2-230EE1922403}"
	ProjectSection(ProjectDependencies) = postProject
		{2C2E6743-9098-41F7-9257-85C89CB7ABB1} = {2C2E6743-9098-41F7-9257-85C89CB7ABB1}
		{18977EA1-584F-44AD-BCDF-D04B0792715C} = {18977EA1-584F-44AD-BCDF-D04B0792715C}
		{456F07CE-CFC6-498B-88EE-115771C465D4} = {456F07CE-CFC6-498B-88EE-115771C465D4}
	EndProjectSection
EndProject
Global
	GlobalSection(SolutionConfigurationPlatforms) = preSolution
		Debug|Mixed Platforms = Debug|Mixed Platforms
		Debug|Win32 = Debug|Win32
		Debug|x64 = Debug|x64
		Release|Mixed Platforms = Release|Mixed Platforms
		Release|Win32 = Release|Win32
		Release|x64 = Release|x64
	EndGlobalSection
	GlobalSection(ProjectConfigurationPlatforms) = postSolution
		{3B81E098-78E9-475A-B0EA-6A44AD03820E}.Debug|Mixed Platforms.ActiveCfg = Debug|x64
		{3B81E098-78E9-475A-B0EA-6A44AD03820E}.Debug|Mixed Platforms.Build.0 = Debug|x64
		{3B81E098-78E9-475A-B0EA-6A44AD03820E}.Debug|Win32.ActiveCfg = Debug|x64
		{3B81E098-78E9-475A-B0EA-6A44AD03820E}.Debug|Win32.Build.0 = Debug|x64
		{3B81E098-78E9-475A-B0EA-6A44AD03820E}.Debug|x64.ActiveCfg = Debug|x64
		{3B81E098-78E9-475A-B0EA-6A44AD03820E}.Debug|x64.Build.0 = Debug|x64
		{3B81E098-78E9-475A-B0EA-6A44AD03820E}.Release|Mixed Platforms.ActiveCfg = Release|x64
		{3B81E098-78E9-475A-B0EA-6A44AD03820E}.Release|Mixed Platforms.Build.0 = Release|x64
		{3B81E098-78E9-475A-B0EA-6A44AD03820E}.Release|Win32.ActiveCfg = Release|x64
		{3B81E098-78E9-475A-B0EA-6A44AD03820E}.Release|Win32.Build.0 = Release|x64
		{3B81E098-78E9-475A-B0EA-6A44AD03820E}.Release|x64.ActiveCfg = Release|x64
		{3B81E098-78E9-475A-B0EA-6A44AD03820E}.Release|x64.Build.0 = Release|x64
		{BDAC3EC0-A1D3-4F48-A9CA-2D3BFB42774C}.Debug|Mixed Platforms.ActiveCfg = Debug|x64
		{BDAC3EC0-A1D3-4F48-A9CA-2D3BFB42774C}.Debug|Mixed Platforms.Build.0 = Debug|x64
		{BDAC3EC0-A1D3-4F48-A9CA-2D3BFB42774C}.Debug|Win32.ActiveCfg = Debug|x64
		{BDAC3EC0-A1D3-4F48-A9CA-2D3BFB42774C}.Debug|Win32.Build.0 = Debug|x64
		{BDAC3EC0-A1D3-4F48-A9CA-2D3BFB42774C}.Debug|x64.ActiveCfg = Debug|x64
		{BDAC3EC0-A1D3-4F48-A9CA-2D3BFB42774C}.Debug|x64.Build.0 = Debug|x64
		{BDAC3EC0-A1D3-4F48-A9CA-2D3BFB42774C}.Release|Mixed Platforms.ActiveCfg = Release|x64
		{BDAC3EC0-A1D3-4F48-A9CA-2D3BFB42774C}.Release|Mixed Platforms.Build.0 = Release|x64
		{BDAC3EC0-A1D3-4F48-A9CA-2D3BFB42774C}.Release|Win32.ActiveCfg = Release|x64
		{BDAC3EC0-A1D3-4F48-A9CA-2D3BFB42774C}.Release|Win32.Build.0 = Release|x64
		{BDAC3EC0-A1D3-4F48-A9CA-2D3BFB42774C}.Release|x64.ActiveCfg = Release|x64
		{BDAC3EC0-A1D3-4F48-A9CA-2D3BFB42774C}.Release|x64.Build.0 = Release|x64
		{99153180-7D59-45A0-AC25-CCAD92F8F234}.Debug|Mixed Platforms.ActiveCfg = Debug|x64
		{99153180-7D59-45A0-AC25-CCAD92F8F234}.Debug|Mixed Platforms.Build.0 = Debug|x64
		{99153180-7D59-45A0-AC25-CCAD92F8F234}.Debug|Win32.ActiveCfg = Debug|x64
		{99153180-7D59-45A0-AC25-CCAD92F8F234}.Debug|Win32.Build.0 = Debug|x64
		{99153180-7D59-45A0-AC25-CCAD92F8F234}.Debug|x64.ActiveCfg = Debug|x64
		{99153180-7D59-45A0-AC25-CCAD92F8F234}.Debug|x64.Build.0 = Debug|x64
		{99153180-7D59-45A0-AC25-CCAD92F8F234}.Release|Mixed Platforms.ActiveCfg = Release|x64
		{99153180-7D59-45A0-AC25-CCAD92F8F234}.Release|Mixed Platforms.Build.0 = Release|x64
		{99153180-7D59-45A0-AC25-CCAD92F8F234}.Release|Win32.ActiveCfg = Release|x64
		{99153180-7D59-45A0-AC25-CCAD92F8F234}.Release|Win32.Build.0 = Release|x64
		{99153180-7D59-45A0-AC25-CCAD92F8F234}.Release|x64.ActiveCfg = Release|x64
		{99153180-7D59-45A0-AC25-CCAD92F8F234}.Release|x64.Build.0 = Release|x64
		{18977EA1-584F-44AD-BCDF-D04B0792715C}.Debug|Mixed Platforms.ActiveCfg = Debug|x64
		{18977EA1-584F-44AD-BCDF-D04B0792715C}.Debug|Mixed Platforms.Build.0 = Debug|x64
		{18977EA1-584F-44AD-BCDF-D04B0792715C}.Debug|Win32.ActiveCfg = Debug|x64
		{18977EA1-584F-44AD-BCDF-D04B0792715C}.Debug|Win32.Build.0 = Debug|x64
		{18977EA1-584F-44AD-BCDF-D04B0792715C}.Debug|x64.ActiveCfg = Debug|x64
		{18977EA1-584F-44AD-BCDF-D04B0792715C}.Debug|x64.Build.0 = Debug|x64
		{18977EA1-584F-44AD-BCDF-D04B0792715C}.Release|Mixed Platforms.ActiveCfg = Release|x64
		{18977EA1-584F-44AD-BCDF-D04B0792715C}.Release|Mixed Platforms.Build.0 = Release|x64
		{18977EA1-584F-44AD-BCDF-D04B0792715C}.Release|Win32.ActiveCfg = Release|x64
		{18977EA1-584F-44AD-BCDF-D04B0792715C}.Release|Win32.Build.0 = Release|x64
		{18977EA1-584F-44AD-BCDF-D04B0792715C}.Release|x64.ActiveCfg = Release|x64
		{18977EA1-584F-44AD-BCDF-D04B0792715C}.Release|x64.Build.0 = Release|x64
		{18977EA1-584F-44AD-BCDF-D04B0792715C}.Release|x64.Deploy.0 = Release|x64
		{5EFC48DD-0C87-4494-A729-E965769B868F}.Debug|Mixed Platforms.ActiveCfg = Debug|x64
		{5EFC48DD-0C87-4494-A729-E965769B868F}.Debug|Mixed Platforms.Build.0 = Debug|x64
		{5EFC48DD-0C87-4494-A729-E965769B868F}.Debug|Win32.ActiveCfg = Debug|x64
		{5EFC48DD-0C87-4494-A729-E965769B868F}.Debug|Win32.Build.0 = Debug|x64
		{5EFC48DD-0C87-4494-A729-E965769B868F}.Debug|x64.ActiveCfg = Debug|x64
		{5EFC48DD-0C87-4494-A729-E965769B868F}.Debug|x64.Build.0 = Debug|x64
		{5EFC48DD-0C87-4494-A729-E965769B868F}.Release|Mixed Platforms.ActiveCfg = Release|x64
		{5EFC48DD-0C87-4494-A729-E965769B868F}.Release|Mixed Platforms.Build.0 = Release|x64
		{5EFC48DD-0C87-4494-A729-E965769B868F}.Release|Win32.ActiveCfg = Release|x64
		{5EFC48DD-0C87-4494-A729-E965769B868F}.Release|Win32.Build.0 = Release|x64
		{5EFC48DD-0C87-4494-A729-E965769B868F}.Release|x64.ActiveCfg = Release|x64
		{5EFC48DD-0C87-4494-A729-E965769B868F}.Release|x64.Build.0 = Release|x64
		{456F07CE-CFC6-498B-88EE-115771C465D4}.Debug|Mixed Platforms.ActiveCfg = Debug|x64
		{456F07CE-CFC6-498B-88EE-115771C465D4}.Debug|Mixed Platforms.Build.0 = Debug|x64
		{456F07CE-CFC6-498B-88EE-115771C465D4}.Debug|Win32.ActiveCfg = Debug|x64
		{456F07CE-CFC6-498B-88EE-115771C465D4}.Debug|Win32.Build.0 = Debug|x64
		{456F07CE-CFC6-498B-88EE-115771C465D4}.Debug|x64.ActiveCfg = Debug|x64
		{456F07CE-CFC6-498B-88EE-115771C465D4}.Debug|x64.Build.0 = Debug|x64
		{456F07CE-CFC6-498B-88EE-115771C465D4}.Release|Mixed Platforms.ActiveCfg = Release|x64
		{456F07CE-CFC6-498B-88EE-115771C465D4}.Release|Mixed Platforms.Build.0 = Release|x64
		{456F07CE-CFC6-498B-88EE-115771C465D4}.Release|Win32.ActiveCfg = Release|x64
		{456F07CE-CFC6-498B-88EE-115771C465D4}.Release|Win32.Build.0 = Release|x64
		{456F07CE-CFC6-498B-88EE-115771C465D4}.Release|x64.ActiveCfg = Release|x64
		{456F07CE-CFC6-498B-88EE-115771C465D4}.Release|x64.Build.0 = Release|x64
		{2C2E6743-9098-41F7-9257-85C89CB7ABB1}.Debug|Mixed Platforms.ActiveCfg = Debug|x64
		{2C2E6743-9098-41F7-9257-85C89CB7ABB1}.Debug|Mixed Platforms.Build.0 = Debug|x64
		{2C2E6743-9098-41F7-9257-85C89CB7ABB1}.Debug|Win32.ActiveCfg = Debug|x64
		{2C2E6743-9098-41F7-9257-85C89CB7ABB1}.Debug|Win32.Build.0 = Debug|x64
		{2C2E6743-9098-41F7-9257-85C89CB7ABB1}.Debug|x64.ActiveCfg = Debug|x64
		{2C2E6743-9098-41F7-9257-85C89CB7ABB1}.Debug|x64.Build.0 = Debug|x64
		{2C2E6743-9098-41F7-9257-85C89CB7ABB1}.Release|Mixed Platforms.ActiveCfg = Release|x64
		{2C2E6743-9098-41F7-9257-85C89CB7ABB1}.Release|Mixed Platforms.Build.0 = Release|x64
		{2C2E6743-9098-41F7-9257-85C89CB7ABB1}.Release|Win32.ActiveCfg = Release|x64
		{2C2E6743-9098-41F7-9257-85C89CB7ABB1}.Release|Win32.Build.0 = Release|x64
		{2C2E6743-9098-41F7-9257-85C89CB7ABB1}.Release|x64.ActiveCfg = Release|x64
		{2C2E6743-9098-41F7-9257-85C89CB7ABB1}.Release|x64.Build.0 = Release|x64
		{8967D23B-8955-4A37-86A4-A94A1B61659F}.Debug|Mixed Platforms.ActiveCfg = Debug|x64
		{8967D23B-8955-4A37-86A4-A94A1B61659F}.Debug|Mixed Platforms.Build.0 = Debug|x64
		{8967D23B-8955-4A37-86A4-A94A1B61659F}.Debug|Win32.ActiveCfg = Debug|x64
		{8967D23B-8955-4A37-86A4-A94A1B61659F}.Debug|Win32.Build.0 = Debug|x64
		{8967D23B-8955-4A37-86A4-A94A1B61659F}.Debug|x64.ActiveCfg = Debug|x64
		{8967D23B-8955-4A37-86A4-A94A1B61659F}.Debug|x64.Build.0 = Debug|x64
		{8967D23B-8955-4A37-86A4-A94A1B61659F}.Release|Mixed Platforms.ActiveCfg = Release|x64
		{8967D23B-8955-4A37-86A4-A94A1B61659F}.Release|Mixed Platforms.Build.0 = Release|x64
		{8967D23B-8955-4A37-86A4-A94A1B61659F}.Release|Win32.ActiveCfg = Release|x64
		{8967D23B-8955-4A37-86A4-A94A1B61659F}.Release|Win32.Build.0 = Release|x64
		{8967D23B-8955-4A37-86A4-A94A1B61659F}.Release|x64.ActiveCfg = Release|x64
		{8967D23B-8955-4A37-86A4-A94A1B61659F}.Release|x64.Build.0 = Release|x64
		{F713E96D-2202-422F-BE07-9B990E4360CB}.Debug|Mixed Platforms.ActiveCfg = Debug|x64
		{F713E96D-2202-422F-BE07-9B990E4360CB}.Debug|Mixed Platforms.Build.0 = Debug|x64
		{F713E96D-2202-422F-BE07-9B990E4360CB}.Debug|Win32.ActiveCfg = Debug|x64
		{F713E96D-2202-422F-BE07-9B990E4360CB}.Debug|Win32.Build.0 = Debug|x64
		{F713E96D-2202-422F-BE07-9B990E4360CB}.Debug|x64.ActiveCfg = Debug|x64
		{F713E96D-2202-422F-BE07-9B990E4360CB}.Debug|x64.Build.0 = Debug|x64
		{F713E96D-2202-422F-BE07-9B990E4360CB}.Release|Mixed Platforms.ActiveCfg = Release|x64
		{F713E96D-2202-422F-BE07-9B990E4360CB}.Release|Mixed Platforms.Build.0 = Release|x64
		{F713E96D-2202-422F-BE07-9B990E4360CB}.Release|Win32.ActiveCfg = Release|x64
		{F713E96D-2202-422F-BE07-9B990E4360CB}.Release|Win32.Build.0 = Release|x64
		{F713E96D-2202-422F-BE07-9B990E4360CB}.Release|x64.ActiveCfg = Release|x64
		{F713E96D-2202-422F-BE07-9B990E4360CB}.Release|x64.Build.0 = Release|x64
		{A2CC7674-8F76-4DA1-825E-D2F6D4DBDBAE}.Debug|Mixed Platforms.ActiveCfg = Debug|x64
		{A2CC7674-8F76-4DA1-825E-D2F6D4DBDBAE}.Debug|Mixed Platforms.Build.0 = Debug|x64
		{A2CC7674-8F76-4DA1-825E-D2F6D4DBDBAE}.Debug|Win32.ActiveCfg = Debug|Win32
		{A2CC7674-8F76-4DA1-825E-D2F6D4DBDBAE}.Debug|Win32.Build.0 = Debug|Win32
		{A2CC7674-8F76-4DA1-825E-D2F6D4DBDBAE}.Debug|x64.ActiveCfg = Debug|x64
		{A2CC7674-8F76-4DA1-825E-D2F6D4DBDBAE}.Debug|x64.Build.0 = Debug|x64
		{A2CC7674-8F76-4DA1-825E-D2F6D4DBDBAE}.Release|Mixed Platforms.ActiveCfg = Release|x64
		{A2CC7674-8F76-4DA1-825E-D2F6D4DBDBAE}.Release|Mixed Platforms.Build.0 = Release|x64
		{A2CC7674-8F76-4DA1-825E-D2F6D4DBDBAE}.Release|Win32.ActiveCfg = Release|Win32
		{A2CC7674-8F76-4DA1-825E-D2F6D4DBDBAE}.Release|Win32.Build.0 = Release|Win32
		{A2CC7674-8F76-4DA1-825E-D2F6D4DBDBAE}.Release|x64.ActiveCfg = Release|x64
		{A2CC7674-8F76-4DA1-825E-D2F6D4DBDBAE}.Release|x64.Build.0 = Release|x64
		{863B8BCC-9D20-45A8-82C7-04919C459C45}.Debug|Mixed Platforms.ActiveCfg = Debug|x64
		{863B8BCC-9D20-45A8-82C7-04919C459C45}.Debug|Mixed Platforms.Build.0 = Debug|x64
		{863B8BCC-9D20-45A8-82C7-04919C459C45}.Debug|Win32.ActiveCfg = Debug|Win32
		{863B8BCC-9D20-45A8-82C7-04919C459C45}.Debug|Win32.Build.0 = Debug|Win32
		{863B8BCC-9D20-45A8-82C7-04919C459C45}.Debug|x64.ActiveCfg = Debug|x64
		{863B8BCC-9D20-45A8-82C7-04919C459C45}.Debug|x64.Build.0 = Debug|x64
		{863B8BCC-9D20-45A8-82C7-04919C459C45}.Release|Mixed Platforms.ActiveCfg = Release|x64
		{863B8BCC-9D20-45A8-82C7-04919C459C45}.Release|Mixed Platforms.Build.0 = Release|x64
		{863B8BCC-9D20-45A8-82C7-04919C459C45}.Release|Win32.ActiveCfg = Release|Win32
		{863B8BCC-9D20-45A8-82C7-04919C459C45}.Release|Win32.Build.0 = Release|Win32
		{863B8BCC-9D20-45A8-82C7-04919C459C45}.Release|x64.ActiveCfg = Release|x64
		{863B8BCC-9D20-45A8-82C7-04919C459C45}.Release|x64.Build.0 = Release|x64
		{1077AF8A-4128-4248-B7B5-F5BE513637FC}.Debug|Mixed Platforms.ActiveCfg = Debug|x64
		{1077AF8A-4128-4248-B7B5-F5BE513637FC}.Debug|Mixed Platforms.Build.0 = Debug|x64
		{1077AF8A-4128-4248-B7B5-F5BE513637FC}.Debug|Win32.ActiveCfg = Debug|Win32
		{1077AF8A-4128-4248-B7B5-F5BE513637FC}.Debug|Win32.Build.0 = Debug|Win32
		{1077AF8A-4128-4248-B7B5-F5BE513637FC}.Debug|x64.ActiveCfg = Debug|x64
		{1077AF8A-4128-4248-B7B5-F5BE513637FC}.Debug|x64.Build.0 = Debug|x64
		{1077AF8A-4128-4248-B7B5-F5BE513637FC}.Release|Mixed Platforms.ActiveCfg = Release|x64
		{1077AF8A-4128-4248-B7B5-F5BE513637FC}.Release|Mixed Platforms.Build.0 = Release|x64
		{1077AF8A-4128-4248-B7B5-F5BE513637FC}.Release|Win32.ActiveCfg = Release|Win32
		{1077AF8A-4128-4248-B7B5-F5BE513637FC}.Release|Win32.Build.0 = Release|Win32
		{1077AF8A-4128-4248-B7B5-F5BE513637FC}.Release|x64.ActiveCfg = Release|x64
		{1077AF8A-4128-4248-B7B5-F5BE513637FC}.Release|x64.Build.0 = Release|x64
		{6D48B618-4645-4403-A379-99F1C4CE8FB2}.Debug|Mixed Platforms.ActiveCfg = Debug|x64
		{6D48B618-4645-4403-A379-99F1C4CE8FB2}.Debug|Mixed Platforms.Build.0 = Debug|x64
		{6D48B618-4645-4403-A379-99F1C4CE8FB2}.Debug|Win32.ActiveCfg = Debug|Win32
		{6D48B618-4645-4403-A379-99F1C4CE8FB2}.Debug|Win32.Build.0 = Debug|Win32
		{6D48B618-4645-4403-A379-99F1C4CE8FB2}.Debug|x64.ActiveCfg = Debug|x64
		{6D48B618-4645-4403-A379-99F1C4CE8FB2}.Debug|x64.Build.0 = Debug|x64
		{6D48B618-4645-4403-A379-99F1C4CE8FB2}.Release|Mixed Platforms.ActiveCfg = Release|x64
		{6D48B618-4645-4403-A379-99F1C4CE8FB2}.Release|Mixed Platforms.Build.0 = Release|x64
		{6D48B618-4645-4403-A379-99F1C4CE8FB2}.Release|Win32.ActiveCfg = Release|Win32
		{6D48B618-4645-4403-A379-99F1C4CE8FB2}.Release|Win32.Build.0 = Release|Win32
		{6D48B618-4645-4403-A379-99F1C4CE8FB2}.Release|x64.ActiveCfg = Release|x64
		{6D48B618-4645-4403-A379-99F1C4CE8FB2}.Release|x64.Build.0 = Release|x64
		{76D819FF-6E98-49A9-A79B-4C665D6A969A}.Debug|Mixed Platforms.ActiveCfg = Debug|x64
		{76D819FF-6E98-49A9-A79B-4C665D6A969A}.Debug|Mixed Platforms.Build.0 = Debug|x64
		{76D819FF-6E98-49A9-A79B-4C665D6A969A}.Debug|Win32.ActiveCfg = Debug|Win32
		{76D819FF-6E98-49A9-A79B-4C665D6A969A}.Debug|Win32.Build.0 = Debug|Win32
		{76D819FF-6E98-49A9-A79B-4C665D6A969A}.Debug|x64.ActiveCfg = Debug|x64
		{76D819FF-6E98-49A9-A79B-4C665D6A969A}.Debug|x64.Build.0 = Debug|x64
		{76D819FF-6E98-49A9-A79B-4C665D6A969A}.Release|Mixed Platforms.ActiveCfg = Release|x64
		{76D819FF-6E98-49A9-A79B-4C665D6A969A}.Release|Mixed Platforms.Build.0 = Release|x64
		{76D819FF-6E98-49A9-A79B-4C665D6A969A}.Release|Win32.ActiveCfg = Release|Win32
		{76D819FF-6E98-49A9-A79B-4C665D6A969A}.Release|Win32.Build.0 = Release|Win32
		{76D819FF-6E98-49A9-A79B-4C665D6A969A}.Release|x64.ActiveCfg = Release|x64
		{76D819FF-6E98-49A9-A79B-4C665D6A969A}.Release|x64.Build.0 = Release|x64
		{DD0637AA-A0B2-400E-ACFF-5CD376E48A48}.Debug|Mixed Platforms.ActiveCfg = Debug|x64
		{DD0637AA-A0B2-400E-ACFF-5CD376E48A48}.Debug|Mixed Platforms.Build.0 = Debug|x64
		{DD0637AA-A0B2-400E-ACFF-5CD376E48A48}.Debug|Win32.ActiveCfg = Debug|Win32
		{DD0637AA-A0B2-400E-ACFF-5CD376E48A48}.Debug|Win32.Build.0 = Debug|Win32
		{DD0637AA-A0B2-400E-ACFF-5CD376E48A48}.Debug|x64.ActiveCfg = Debug|x64
		{DD0637AA-A0B2-400E-ACFF-5CD376E48A48}.Debug|x64.Build.0 = Debug|x64
		{DD0637AA-A0B2-400E-ACFF-5CD376E48A48}.Release|Mixed Platforms.ActiveCfg = Release|x64
		{DD0637AA-A0B2-400E-ACFF-5CD376E48A48}.Release|Mixed Platforms.Build.0 = Release|x64
		{DD0637AA-A0B2-400E-ACFF-5CD376E48A48}.Release|Win32.ActiveCfg = Release|Win32
		{DD0637AA-A0B2-400E-ACFF-5CD376E48A48}.Release|Win32.Build.0 = Release|Win32
		{DD0637AA-A0B2-400E-ACFF-5CD376E48A48}.Release|x64.ActiveCfg = Release|x64
		{DD0637AA-A0B2-400E-ACFF-5CD376E48A48}.Release|x64.Build.0 = Release|x64
		{A3F5CD08-1C45-4E21-90D2-230EE1922403}.Debug|Mixed Platforms.ActiveCfg = Debug|Win32
		{A3F5CD08-1C45-4E21-90D2-230EE1922403}.Debug|Mixed Platforms.Build.0 = Debug|Win32
		{A3F5CD08-1C45-4E21-90D2-230EE1922403}.Debug|Win32.ActiveCfg = Debug|Win32
		{A3F5CD08-1C45-4E21-90D2-230EE1922403}.Debug|Win32.Build.0 = Debug|Win32
		{A3F5CD08-1C45-4E21-90D2-230EE1922403}.Debug|x64.ActiveCfg = Debug|x64
		{A3F5CD08-1C45-4E21-90D2-230EE1922403}.Debug|x64.Build.0 = Debug|x64
		{A3F5CD08-1C45-4E21-90D2-230EE1922403}.Release|Mixed Platforms.ActiveCfg = Release|Win32
		{A3F5CD08-1C45-4E21-90D2-230EE1922403}.Release|Mixed Platforms.Build.0 = Release|Win32
		{A3F5CD08-1C45-4E21-90D2-230EE1922403}.Release|Win32.ActiveCfg = Release|Win32
		{A3F5CD08-1C45-4E21-90D2-230EE1922403}.Release|Win32.Build.0 = Release|Win32
		{A3F5CD08-1C45-4E21-90D2-230EE1922403}.Release|x64.ActiveCfg = Release|x64
		{A3F5CD08-1C45-4E21-90D2-230EE1922403}.Release|x64.Build.0 = Release|x64
	EndGlobalSection
	GlobalSection(SolutionProperties) = preSolution
		HideSolutionNode = FALSE
	EndGlobalSection
EndGlobal
