<?xml version="1.0" encoding="utf-8"?>
<Project ToolsVersion="4.0" xmlns="http://schemas.microsoft.com/developer/msbuild/2003">
  <ItemGroup>
    <Filter Include="Source Files">
      <UniqueIdentifier>{4FC737F1-C7A5-4376-A066-2A32D752A2FF}</UniqueIdentifier>
      <Extensions>cpp;c;cc;cxx;def;odl;idl;hpj;bat;asm;asmx</Extensions>
    </Filter>
    <Filter Include="Header Files">
      <UniqueIdentifier>{93995380-89BD-4b04-88EB-625FBE52EBFB}</UniqueIdentifier>
      <Extensions>h;hh;hpp;hxx;hm;inl;inc;xsd</Extensions>
    </Filter>
    <Filter Include="Resource Files">
      <UniqueIdentifier>{67DA6AB6-F800-4c08-8B7A-83BB121AAD01}</UniqueIdentifier>
      <Extensions>rc;ico;cur;bmp;dlg;rc2;rct;bin;rgs;gif;jpg;jpeg;jpe;resx;tiff;tif;png;wav;mfcribbon-ms</Extensions>
    </Filter>
  </ItemGroup>
  <ItemGroup>
    <Text Include="ReadMe.txt" />
  </ItemGroup>
  <ItemGroup>
    <ClInclude Include="Space.h">
      <Filter>Header Files</Filter>
    </ClInclude>
    <ClInclude Include="Tss.h">
      <Filter>Header Files</Filter>
    </ClInclude>
    <ClInclude Include="Curl.h">
      <Filter>Header Files</Filter>
    </ClInclude>
    <ClInclude Include="FieldSourceTss.h">
      <Filter>Header Files</Filter>
    </ClInclude>
    <ClInclude Include="BoundaryTss.h">
      <Filter>Header Files</Filter>
    </ClInclude>
    <ClInclude Include="FieldsSetter.h">
      <Filter>Header Files</Filter>
    </ClInclude>
    <ClInclude Include="CurlOne.h">
      <Filter>Header Files</Filter>
    </ClInclude>
    <ClInclude Include="CurlTwo.h">
      <Filter>Header Files</Filter>
    </ClInclude>
    <ClInclude Include="CurlThreeA.h">
      <Filter>Header Files</Filter>
    </ClInclude>
    <ClInclude Include="CurlThreeB.h">
      <Filter>Header Files</Filter>
    </ClInclude>
    <ClInclude Include="TimeTssBase.h">
      <Filter>Header Files</Filter>
    </ClInclude>
    <ClInclude Include="TimeTss.h">
      <Filter>Header Files</Filter>
    </ClInclude>
    <ClInclude Include="TimeTss4th.h">
      <Filter>Header Files</Filter>
    </ClInclude>
    <ClInclude Include="DivergenceStatistic.h">
      <Filter>Header Files</Filter>
    </ClInclude>
    <ClInclude Include="TimeTss2Threads.h">
      <Filter>Header Files</Filter>
    </ClInclude>
    <ClInclude Include="TimeTssMultiThreads.h">
      <Filter>Header Files</Filter>
    </ClInclude>
    <ClInclude Include="LoopWorkDivider.h">
      <Filter>Header Files</Filter>
    </ClInclude>
    <ClInclude Include="PmlTss.h">
      <Filter>Header Files</Filter>
    </ClInclude>
    <ClInclude Include="PmlRange.h">
      <Filter>Header Files</Filter>
    </ClInclude>
    <ClInclude Include="ThreadPool.h">
      <Filter>Header Files</Filter>
    </ClInclude>
    <ClInclude Include="Simulator.h">
      <Filter>Header Files</Filter>
    </ClInclude>
    <ClInclude Include="TimeYee.h">
      <Filter>Header Files</Filter>
    </ClInclude>
  </ItemGroup>
  <ItemGroup>
    <ClCompile Include="Space.cpp">
      <Filter>Source Files</Filter>
    </ClCompile>
    <ClCompile Include="Tss.cpp">
      <Filter>Source Files</Filter>
    </ClCompile>
    <ClCompile Include="Curl.cpp">
      <Filter>Source Files</Filter>
    </ClCompile>
    <ClCompile Include="FieldSourceTss.cpp">
      <Filter>Source Files</Filter>
    </ClCompile>
    <ClCompile Include="BoundaryTss.cpp">
      <Filter>Source Files</Filter>
    </ClCompile>
    <ClCompile Include="FieldsSetter.cpp">
      <Filter>Source Files</Filter>
    </ClCompile>
    <ClCompile Include="Curl_y.cpp">
      <Filter>Source Files</Filter>
    </ClCompile>
    <ClCompile Include="Curl_z.cpp">
      <Filter>Source Files</Filter>
    </ClCompile>
    <ClCompile Include="Curl_x.cpp">
      <Filter>Source Files</Filter>
    </ClCompile>
    <ClCompile Include="CurlOne.cpp">
      <Filter>Source Files</Filter>
    </ClCompile>
    <ClCompile Include="CurlTwo.cpp">
      <Filter>Source Files</Filter>
    </ClCompile>
    <ClCompile Include="CurlTwo_0.cpp">
      <Filter>Source Files</Filter>
    </ClCompile>
    <ClCompile Include="CurlThreeA.cpp">
      <Filter>Source Files</Filter>
    </ClCompile>
    <ClCompile Include="CurlThreeB.cpp">
      <Filter>Source Files</Filter>
    </ClCompile>
    <ClCompile Include="TimeTssBase.cpp">
      <Filter>Source Files</Filter>
    </ClCompile>
    <ClCompile Include="TimeTss.cpp">
      <Filter>Source Files</Filter>
    </ClCompile>
    <ClCompile Include="TimeTss4th.cpp">
      <Filter>Source Files</Filter>
    </ClCompile>
    <ClCompile Include="DivergenceStatistic.cpp">
      <Filter>Source Files</Filter>
    </ClCompile>
    <ClCompile Include="TimeTss2Threads.cpp">
      <Filter>Source Files</Filter>
    </ClCompile>
    <ClCompile Include="TimeTssMultiThreads.cpp">
      <Filter>Source Files</Filter>
    </ClCompile>
    <ClCompile Include="LoopWorkDivider.cpp">
      <Filter>Source Files</Filter>
    </ClCompile>
    <ClCompile Include="PmlTss.cpp">
      <Filter>Source Files</Filter>
    </ClCompile>
    <ClCompile Include="PmlRange.cpp">
      <Filter>Source Files</Filter>
    </ClCompile>
    <ClCompile Include="ThreadPool.cpp">
      <Filter>Source Files</Filter>
    </ClCompile>
    <ClCompile Include="Simulator.cpp">
      <Filter>Source Files</Filter>
    </ClCompile>
    <ClCompile Include="TimeYee.cpp">
      <Filter>Source Files</Filter>
    </ClCompile>
  </ItemGroup>
</Project>